
Microsoft Visual Studio Solution File, Format Version 12.00
# Visual Studio Version 17
VisualStudioVersion = 17.0.31903.59
MinimumVisualStudioVersion = 10.0.40219.1
Project("{2150E333-8FDC-42A3-9474-1A3956D46DE8}") = "src", "src", "{827E0CD3-B72D-47B6-A68D-7590B98EB39B}"
EndProject
Project("{FAE04EC0-301F-11D3-BF4B-00C04F79EFBC}") = "SniPro.App", "src\SniPro.App\SniPro.App.csproj", "{F74F8932-ADD4-46AE-BFE2-2BB48480C135}"
EndProject
Project("{FAE04EC0-301F-11D3-BF4B-00C04F79EFBC}") = "SniPro.Core", "src\SniPro.Core\SniPro.Core.csproj", "{8F02A9AA-BABF-4623-BF07-07054AC45A83}"
EndProject
Project("{FAE04EC0-301F-11D3-BF4B-00C04F79EFBC}") = "SniPro.Windows", "src\SniPro.Windows\SniPro.Windows.csproj", "{F201F790-2778-4431-8BE6-9CA63F85EB50}"
EndProject
Project("{2150E333-8FDC-42A3-9474-1A3956D46DE8}") = "tests", "tests", "{0AB3BF05-4346-4AA6-1389-037BE0695223}"
EndProject
Project("{FAE04EC0-301F-11D3-BF4B-00C04F79EFBC}") = "SniPro.Tests", "tests\SniPro.Tests\SniPro.Tests.csproj", "{E59B6A42-E62C-4D3A-B54B-2ECC2361C59A}"
EndProject
Global
	GlobalSection(SolutionConfigurationPlatforms) = preSolution
		Debug|Any CPU = Debug|Any CPU
		Debug|x64 = Debug|x64
		Debug|x86 = Debug|x86
		Release|Any CPU = Release|Any CPU
		Release|x64 = Release|x64
		Release|x86 = Release|x86
	EndGlobalSection
	GlobalSection(ProjectConfigurationPlatforms) = postSolution
		{F74F8932-ADD4-46AE-BFE2-2BB48480C135}.Debug|Any CPU.ActiveCfg = Debug|Any CPU
		{F74F8932-ADD4-46AE-BFE2-2BB48480C135}.Debug|Any CPU.Build.0 = Debug|Any CPU
		{F74F8932-ADD4-46AE-BFE2-2BB48480C135}.Debug|x64.ActiveCfg = Debug|Any CPU
		{F74F8932-ADD4-46AE-BFE2-2BB48480C135}.Debug|x64.Build.0 = Debug|Any CPU
		{F74F8932-ADD4-46AE-BFE2-2BB48480C135}.Debug|x86.ActiveCfg = Debug|Any CPU
		{F74F8932-ADD4-46AE-BFE2-2BB48480C135}.Debug|x86.Build.0 = Debug|Any CPU
		{F74F8932-ADD4-46AE-BFE2-2BB48480C135}.Release|Any CPU.ActiveCfg = Release|Any CPU
		{F74F8932-ADD4-46AE-BFE2-2BB48480C135}.Release|Any CPU.Build.0 = Release|Any CPU
		{F74F8932-ADD4-46AE-BFE2-2BB48480C135}.Release|x64.ActiveCfg = Release|Any CPU
		{F74F8932-ADD4-46AE-BFE2-2BB48480C135}.Release|x64.Build.0 = Release|Any CPU
		{F74F8932-ADD4-46AE-BFE2-2BB48480C135}.Release|x86.ActiveCfg = Release|Any CPU
		{F74F8932-ADD4-46AE-BFE2-2BB48480C135}.Release|x86.Build.0 = Release|Any CPU
		{8F02A9AA-BABF-4623-BF07-07054AC45A83}.Debug|Any CPU.ActiveCfg = Debug|Any CPU
		{8F02A9AA-BABF-4623-BF07-07054AC45A83}.Debug|Any CPU.Build.0 = Debug|Any CPU
		{8F02A9AA-BABF-4623-BF07-07054AC45A83}.Debug|x64.ActiveCfg = Debug|Any CPU
		{8F02A9AA-BABF-4623-BF07-07054AC45A83}.Debug|x64.Build.0 = Debug|Any CPU
		{8F02A9AA-BABF-4623-BF07-07054AC45A83}.Debug|x86.ActiveCfg = Debug|Any CPU
		{8F02A9AA-BABF-4623-BF07-07054AC45A83}.Debug|x86.Build.0 = Debug|Any CPU
		{8F02A9AA-BABF-4623-BF07-07054AC45A83}.Release|Any CPU.ActiveCfg = Release|Any CPU
		{8F02A9AA-BABF-4623-BF07-07054AC45A83}.Release|Any CPU.Build.0 = Release|Any CPU
		{8F02A9AA-BABF-4623-BF07-07054AC45A83}.Release|x64.ActiveCfg = Release|Any CPU
		{8F02A9AA-BABF-4623-BF07-07054AC45A83}.Release|x64.Build.0 = Release|Any CPU
		{8F02A9AA-BABF-4623-BF07-07054AC45A83}.Release|x86.ActiveCfg = Release|Any CPU
		{8F02A9AA-BABF-4623-BF07-07054AC45A83}.Release|x86.Build.0 = Release|Any CPU
		{F201F790-2778-4431-8BE6-9CA63F85EB50}.Debug|Any CPU.ActiveCfg = Debug|Any CPU
		{F201F790-2778-4431-8BE6-9CA63F85EB50}.Debug|Any CPU.Build.0 = Debug|Any CPU
		{F201F790-2778-4431-8BE6-9CA63F85EB50}.Debug|x64.ActiveCfg = Debug|Any CPU
		{F201F790-2778-4431-8BE6-9CA63F85EB50}.Debug|x64.Build.0 = Debug|Any CPU
		{F201F790-2778-4431-8BE6-9CA63F85EB50}.Debug|x86.ActiveCfg = Debug|Any CPU
		{F201F790-2778-4431-8BE6-9CA63F85EB50}.Debug|x86.Build.0 = Debug|Any CPU
		{F201F790-2778-4431-8BE6-9CA63F85EB50}.Release|Any CPU.ActiveCfg = Release|Any CPU
		{F201F790-2778-4431-8BE6-9CA63F85EB50}.Release|Any CPU.Build.0 = Release|Any CPU
		{F201F790-2778-4431-8BE6-9CA63F85EB50}.Release|x64.ActiveCfg = Release|Any CPU
		{F201F790-2778-4431-8BE6-9CA63F85EB50}.Release|x64.Build.0 = Release|Any CPU
		{F201F790-2778-4431-8BE6-9CA63F85EB50}.Release|x86.ActiveCfg = Release|Any CPU
		{F201F790-2778-4431-8BE6-9CA63F85EB50}.Release|x86.Build.0 = Release|Any CPU
		{E59B6A42-E62C-4D3A-B54B-2ECC2361C59A}.Debug|Any CPU.ActiveCfg = Debug|Any CPU
		{E59B6A42-E62C-4D3A-B54B-2ECC2361C59A}.Debug|Any CPU.Build.0 = Debug|Any CPU
		{E59B6A42-E62C-4D3A-B54B-2ECC2361C59A}.Debug|x64.ActiveCfg = Debug|Any CPU
		{E59B6A42-E62C-4D3A-B54B-2ECC2361C59A}.Debug|x64.Build.0 = Debug|Any CPU
		{E59B6A42-E62C-4D3A-B54B-2ECC2361C59A}.Debug|x86.ActiveCfg = Debug|Any CPU
		{E59B6A42-E62C-4D3A-B54B-2ECC2361C59A}.Debug|x86.Build.0 = Debug|Any CPU
		{E59B6A42-E62C-4D3A-B54B-2ECC2361C59A}.Release|Any CPU.ActiveCfg = Release|Any CPU
		{E59B6A42-E62C-4D3A-B54B-2ECC2361C59A}.Release|Any CPU.Build.0 = Release|Any CPU
		{E59B6A42-E62C-4D3A-B54B-2ECC2361C59A}.Release|x64.ActiveCfg = Release|Any CPU
		{E59B6A42-E62C-4D3A-B54B-2ECC2361C59A}.Release|x64.Build.0 = Release|Any CPU
		{E59B6A42-E62C-4D3A-B54B-2ECC2361C59A}.Release|x86.ActiveCfg = Release|Any CPU
		{E59B6A42-E62C-4D3A-B54B-2ECC2361C59A}.Release|x86.Build.0 = Release|Any CPU
	EndGlobalSection
	GlobalSection(SolutionProperties) = preSolution
		HideSolutionNode = FALSE
	EndGlobalSection
	GlobalSection(NestedProjects) = preSolution
		{F74F8932-ADD4-46AE-BFE2-2BB48480C135} = {827E0CD3-B72D-47B6-A68D-7590B98EB39B}
		{8F02A9AA-BABF-4623-BF07-07054AC45A83} = {827E0CD3-B72D-47B6-A68D-7590B98EB39B}
		{F201F790-2778-4431-8BE6-9CA63F85EB50} = {827E0CD3-B72D-47B6-A68D-7590B98EB39B}
		{E59B6A42-E62C-4D3A-B54B-2ECC2361C59A} = {0AB3BF05-4346-4AA6-1389-037BE0695223}
	EndGlobalSection
EndGlobal
